
Microsoft Visual Studio Solution File, Format Version 12.00
# Visual Studio Version 17
VisualStudioVersion = 17.5.33516.290
MinimumVisualStudioVersion = 10.0.40219.1
Project("{FAE04EC0-301F-11D3-BF4B-00C04F79EFBC}") = "CFB Dynasty", "CFB Dynasty\CFB Dynasty.csproj", "{B2A6553F-D8AD-42D0-8EDA-CAA9CE742034}"
EndProject
Global
	GlobalSection(SolutionConfigurationPlatforms) = preSolution
		Debug|Any CPU = Debug|Any CPU
		Release|Any CPU = Release|Any CPU
	EndGlobalSection
	GlobalSection(ProjectConfigurationPlatforms) = postSolution
		{B2A6553F-D8AD-42D0-8EDA-CAA9CE742034}.Debug|Any CPU.ActiveCfg = Debug|Any CPU
		{B2A6553F-D8AD-42D0-8EDA-CAA9CE742034}.Debug|Any CPU.Build.0 = Debug|Any CPU
		{B2A6553F-D8AD-42D0-8EDA-CAA9CE742034}.Debug|Any CPU.Deploy.0 = Debug|Any CPU
		{B2A6553F-D8AD-42D0-8EDA-CAA9CE742034}.Release|Any CPU.ActiveCfg = Release|Any CPU
		{B2A6553F-D8AD-42D0-8EDA-CAA9CE742034}.Release|Any CPU.Build.0 = Release|Any CPU
		{B2A6553F-D8AD-42D0-8EDA-CAA9CE742034}.Release|Any CPU.Deploy.0 = Release|Any CPU
	EndGlobalSection
	GlobalSection(SolutionProperties) = preSolution
		HideSolutionNode = FALSE
	EndGlobalSection
	GlobalSection(ExtensibilityGlobals) = postSolution
		SolutionGuid = {4C04B745-AAA6-4BF8-8138-A884CAC0B2EB}
	EndGlobalSection
EndGlobal
